
Microsoft Visual Studio Solution File, Format Version 12.00
# Visual Studio 2012
Project("{FAE04EC0-301F-11D3-BF4B-00C04F79EFBC}") = "Bandit", "Bandit\Bandit.csproj", "{53391285-8B8D-4F7E-BE57-756024802577}"
	ProjectSection(ProjectDependencies) = postProject
		{A4F22C9E-EE78-40E9-B2CA-B7039FBC1287} = {A4F22C9E-EE78-40E9-B2CA-B7039FBC1287}
	EndProjectSection
EndProject
Project("{FAE04EC0-301F-11D3-BF4B-00C04F79EFBC}") = "Test", "Test\Test.csproj", "{5010E3E2-EB56-49D8-8736-582BC3B5D72D}"
EndProject
Project("{FAE04EC0-301F-11D3-BF4B-00C04F79EFBC}") = "BanditCore", "..\..\Libraries\bandit\BanditCore.csproj", "{A4F22C9E-EE78-40E9-B2CA-B7039FBC1287}"
EndProject
Global
	GlobalSection(SolutionConfigurationPlatforms) = preSolution
		Debug|Any CPU = Debug|Any CPU
		Release|Any CPU = Release|Any CPU
	EndGlobalSection
	GlobalSection(ProjectConfigurationPlatforms) = postSolution
		{53391285-8B8D-4F7E-BE57-756024802577}.Debug|Any CPU.ActiveCfg = Debug|Any CPU
		{53391285-8B8D-4F7E-BE57-756024802577}.Debug|Any CPU.Build.0 = Debug|Any CPU
		{53391285-8B8D-4F7E-BE57-756024802577}.Release|Any CPU.ActiveCfg = Release|Any CPU
		{53391285-8B8D-4F7E-BE57-756024802577}.Release|Any CPU.Build.0 = Release|Any CPU
		{5010E3E2-EB56-49D8-8736-582BC3B5D72D}.Debug|Any CPU.ActiveCfg = Debug|Any CPU
		{5010E3E2-EB56-49D8-8736-582BC3B5D72D}.Debug|Any CPU.Build.0 = Debug|Any CPU
		{5010E3E2-EB56-49D8-8736-582BC3B5D72D}.Release|Any CPU.ActiveCfg = Release|Any CPU
		{5010E3E2-EB56-49D8-8736-582BC3B5D72D}.Release|Any CPU.Build.0 = Release|Any CPU
		{A4F22C9E-EE78-40E9-B2CA-B7039FBC1287}.Debug|Any CPU.ActiveCfg = Debug|Any CPU
		{A4F22C9E-EE78-40E9-B2CA-B7039FBC1287}.Debug|Any CPU.Build.0 = Debug|Any CPU
		{A4F22C9E-EE78-40E9-B2CA-B7039FBC1287}.Release|Any CPU.ActiveCfg = Release|Any CPU
		{A4F22C9E-EE78-40E9-B2CA-B7039FBC1287}.Release|Any CPU.Build.0 = Release|Any CPU
	EndGlobalSection
	GlobalSection(SolutionProperties) = preSolution
		HideSolutionNode = FALSE
	EndGlobalSection
EndGlobal
